
Microsoft Visual Studio Solution File, Format Version 12.00
# Visual Studio 15
Project("{FAE04EC0-301F-11D3-BF4B-00C04F79EFBC}") = "EOCoreAndroidBindings", "EOCoreAndroidBindings\EOCoreAndroidBindings.csproj", "{47334135-2C68-4A73-AE54-3EB058F3D0EE}"
EndProject
Global
	GlobalSection(SolutionConfigurationPlatforms) = preSolution
		Debug|Any CPU = Debug|Any CPU
		Release|Any CPU = Release|Any CPU
	EndGlobalSection
	GlobalSection(ProjectConfigurationPlatforms) = postSolution
		{47334135-2C68-4A73-AE54-3EB058F3D0EE}.Debug|Any CPU.ActiveCfg = Debug|Any CPU
		{47334135-2C68-4A73-AE54-3EB058F3D0EE}.Debug|Any CPU.Build.0 = Debug|Any CPU
		{47334135-2C68-4A73-AE54-3EB058F3D0EE}.Release|Any CPU.ActiveCfg = Release|Any CPU
		{47334135-2C68-4A73-AE54-3EB058F3D0EE}.Release|Any CPU.Build.0 = Release|Any CPU
	EndGlobalSection
EndGlobal
